{
  "name": "demo5",
  "version": "1.0.0",
  "lockfileVersion": 1,
  "dependencies": {
    "commander": {
      "version": "2.9.0",
      "resolved": "https://registry.npmjs.org/commander/-/commander-2.9.0.tgz",
      "integrity": "sha1-nJkJQXbhIkDLItbFFGCYQA/g99Q="
    },
    "graceful-readlink": {
      "version": "1.0.1",
      "resolved": "https://registry.npmjs.org/graceful-readlink/-/graceful-readlink-1.0.1.tgz",
      "integrity": "sha1-TK+tdrxi8C+gObL5Tpo906ORpyU="
    },
    "source-map": {
      "version": "0.5.6",
      "resolved": "https://registry.npmjs.org/source-map/-/source-map-0.5.6.tgz",
      "integrity": "sha1-dc449SvwczxafwwRjYEzSiu19BI="
    },
    "uglify-js": {
      "version": "3.0.25",
      "resolved": "https://registry.npmjs.org/uglify-js/-/uglify-js-3.0.25.tgz",
      "integrity": "sha512-JO1XE0WZ9m6UpDkN7WCyPNAWI6EN3K0g40ekcoJKejViYmryJ0BaLxXjvra1IsAeIlJfq72scTbhl0jknsT2GA=="
    }
  }
}
